
Microsoft Visual Studio Solution File, Format Version 12.00
# Visual Studio 2013
VisualStudioVersion = 12.0.30110.0
MinimumVisualStudioVersion = 10.0.40219.1
Project("{FAE04EC0-301F-11D3-BF4B-00C04F79EFBC}") = "MongoObserver", "MongoObserver.csproj", "{17EE026A-10AF-4EBC-A24C-FCDA28F29E8B}"
EndProject
Project("{2150E333-8FDC-42A3-9474-1A3956D46DE8}") = "References", "References", "{09ED1EF4-D4F5-4F9D-88D6-04DB546FF3FE}"
EndProject
Project("{FAE04EC0-301F-11D3-BF4B-00C04F79EFBC}") = "Nostromo.Common", "E:\TFS\iTex Projects\Nostromo\Nostromo.Common\Nostromo.Common.csproj", "{9C663C05-A23F-4E81-A6AF-EECFCBC60A5D}"
EndProject
Project("{2150E333-8FDC-42A3-9474-1A3956D46DE8}") = ".nuget", ".nuget", "{B1D8B57C-0000-43C4-9465-56CD287A19B8}"
	ProjectSection(SolutionItems) = preProject
		.nuget\NuGet.Config = .nuget\NuGet.Config
		.nuget\NuGet.exe = .nuget\NuGet.exe
		.nuget\NuGet.targets = .nuget\NuGet.targets
		.nuget\packages.config = .nuget\packages.config
	EndProjectSection
EndProject
Project("{FAE04EC0-301F-11D3-BF4B-00C04F79EFBC}") = "Nostromo.Mongo", "E:\TFS\iTex Projects\Nostromo\Nostromo.Mongo\Nostromo.Mongo.csproj", "{B022BE7E-E037-4C8F-AC69-08171AD425A8}"
EndProject
Global
	GlobalSection(SolutionConfigurationPlatforms) = preSolution
		Debug|Any CPU = Debug|Any CPU
		Release|Any CPU = Release|Any CPU
	EndGlobalSection
	GlobalSection(ProjectConfigurationPlatforms) = postSolution
		{17EE026A-10AF-4EBC-A24C-FCDA28F29E8B}.Debug|Any CPU.ActiveCfg = Debug|Any CPU
		{17EE026A-10AF-4EBC-A24C-FCDA28F29E8B}.Debug|Any CPU.Build.0 = Debug|Any CPU
		{17EE026A-10AF-4EBC-A24C-FCDA28F29E8B}.Release|Any CPU.ActiveCfg = Release|Any CPU
		{17EE026A-10AF-4EBC-A24C-FCDA28F29E8B}.Release|Any CPU.Build.0 = Release|Any CPU
		{9C663C05-A23F-4E81-A6AF-EECFCBC60A5D}.Debug|Any CPU.ActiveCfg = Debug|Any CPU
		{9C663C05-A23F-4E81-A6AF-EECFCBC60A5D}.Debug|Any CPU.Build.0 = Debug|Any CPU
		{9C663C05-A23F-4E81-A6AF-EECFCBC60A5D}.Release|Any CPU.ActiveCfg = Release|Any CPU
		{9C663C05-A23F-4E81-A6AF-EECFCBC60A5D}.Release|Any CPU.Build.0 = Release|Any CPU
		{B022BE7E-E037-4C8F-AC69-08171AD425A8}.Debug|Any CPU.ActiveCfg = Debug|Any CPU
		{B022BE7E-E037-4C8F-AC69-08171AD425A8}.Debug|Any CPU.Build.0 = Debug|Any CPU
		{B022BE7E-E037-4C8F-AC69-08171AD425A8}.Release|Any CPU.ActiveCfg = Release|Any CPU
		{B022BE7E-E037-4C8F-AC69-08171AD425A8}.Release|Any CPU.Build.0 = Release|Any CPU
	EndGlobalSection
	GlobalSection(SolutionProperties) = preSolution
		HideSolutionNode = FALSE
	EndGlobalSection
	GlobalSection(NestedProjects) = preSolution
		{9C663C05-A23F-4E81-A6AF-EECFCBC60A5D} = {09ED1EF4-D4F5-4F9D-88D6-04DB546FF3FE}
		{B022BE7E-E037-4C8F-AC69-08171AD425A8} = {09ED1EF4-D4F5-4F9D-88D6-04DB546FF3FE}
	EndGlobalSection
EndGlobal
